
Microsoft Visual Studio Solution File, Format Version 12.00
# Visual Studio Version 16
VisualStudioVersion = 25.0.1705.7
MinimumVisualStudioVersion = 10.0.40219.1
Project("{FAE04EC0-301F-11D3-BF4B-00C04F79EFBC}") = "abstract_class.study", "abstract_class.study\abstract_class.study.csproj", "{65C50536-32BD-4E2B-AE81-983950003CE5}"
EndProject
Global
	GlobalSection(SolutionConfigurationPlatforms) = preSolution
		Debug|Any CPU = Debug|Any CPU
		Release|Any CPU = Release|Any CPU
	EndGlobalSection
	GlobalSection(ProjectConfigurationPlatforms) = postSolution
		{65C50536-32BD-4E2B-AE81-983950003CE5}.Debug|Any CPU.ActiveCfg = Debug|Any CPU
		{65C50536-32BD-4E2B-AE81-983950003CE5}.Debug|Any CPU.Build.0 = Debug|Any CPU
		{65C50536-32BD-4E2B-AE81-983950003CE5}.Release|Any CPU.ActiveCfg = Release|Any CPU
		{65C50536-32BD-4E2B-AE81-983950003CE5}.Release|Any CPU.Build.0 = Release|Any CPU
	EndGlobalSection
	GlobalSection(SolutionProperties) = preSolution
		HideSolutionNode = FALSE
	EndGlobalSection
	GlobalSection(ExtensibilityGlobals) = postSolution
		SolutionGuid = {B1967E7C-70EC-41F3-BC65-4953C61A8675}
	EndGlobalSection
EndGlobal
